
Microsoft Visual Studio Solution File, Format Version 12.00
# Visual Studio Version 16
VisualStudioVersion = 16.0.30523.141
MinimumVisualStudioVersion = 10.0.40219.1
Project("{FAE04EC0-301F-11D3-BF4B-00C04F79EFBC}") = "register", "register\register.csproj", "{F4B837E6-7189-4812-A76F-E3086E12CFCC}"
EndProject
Global
	GlobalSection(SolutionConfigurationPlatforms) = preSolution
		Debug|Any CPU = Debug|Any CPU
		Release|Any CPU = Release|Any CPU
	EndGlobalSection
	GlobalSection(ProjectConfigurationPlatforms) = postSolution
		{F4B837E6-7189-4812-A76F-E3086E12CFCC}.Debug|Any CPU.ActiveCfg = Debug|Any CPU
		{F4B837E6-7189-4812-A76F-E3086E12CFCC}.Debug|Any CPU.Build.0 = Debug|Any CPU
		{F4B837E6-7189-4812-A76F-E3086E12CFCC}.Release|Any CPU.ActiveCfg = Release|Any CPU
		{F4B837E6-7189-4812-A76F-E3086E12CFCC}.Release|Any CPU.Build.0 = Release|Any CPU
	EndGlobalSection
	GlobalSection(SolutionProperties) = preSolution
		HideSolutionNode = FALSE
	EndGlobalSection
	GlobalSection(ExtensibilityGlobals) = postSolution
		SolutionGuid = {BBD02794-2C39-4762-B79F-45DABF3E3E12}
	EndGlobalSection
EndGlobal
